
Microsoft Visual Studio Solution File, Format Version 12.00
# Visual Studio 15
VisualStudioVersion = 15.0.28307.572
MinimumVisualStudioVersion = 10.0.40219.1
Project("{FAE04EC0-301F-11D3-BF4B-00C04F79EFBC}") = "ControlaRelatorio", "ControlaRelatorio\ControlaRelatorio.csproj", "{B102AE74-46A2-476D-A1EF-DB571E78AEAA}"
EndProject
Project("{FAE04EC0-301F-11D3-BF4B-00C04F79EFBC}") = "Services", "Services\Services.csproj", "{ACC4675C-2E72-46BD-9130-34BBA913C73E}"
EndProject
Global
	GlobalSection(SolutionConfigurationPlatforms) = preSolution
		Debug|Any CPU = Debug|Any CPU
		Release|Any CPU = Release|Any CPU
	EndGlobalSection
	GlobalSection(ProjectConfigurationPlatforms) = postSolution
		{B102AE74-46A2-476D-A1EF-DB571E78AEAA}.Debug|Any CPU.ActiveCfg = Debug|Any CPU
		{B102AE74-46A2-476D-A1EF-DB571E78AEAA}.Debug|Any CPU.Build.0 = Debug|Any CPU
		{B102AE74-46A2-476D-A1EF-DB571E78AEAA}.Release|Any CPU.ActiveCfg = Release|Any CPU
		{B102AE74-46A2-476D-A1EF-DB571E78AEAA}.Release|Any CPU.Build.0 = Release|Any CPU
		{ACC4675C-2E72-46BD-9130-34BBA913C73E}.Debug|Any CPU.ActiveCfg = Debug|Any CPU
		{ACC4675C-2E72-46BD-9130-34BBA913C73E}.Debug|Any CPU.Build.0 = Debug|Any CPU
		{ACC4675C-2E72-46BD-9130-34BBA913C73E}.Release|Any CPU.ActiveCfg = Release|Any CPU
		{ACC4675C-2E72-46BD-9130-34BBA913C73E}.Release|Any CPU.Build.0 = Release|Any CPU
	EndGlobalSection
	GlobalSection(SolutionProperties) = preSolution
		HideSolutionNode = FALSE
	EndGlobalSection
	GlobalSection(ExtensibilityGlobals) = postSolution
		SolutionGuid = {0F954F4A-6BF2-4C92-83D0-DD507A9F13E3}
	EndGlobalSection
EndGlobal
